
Microsoft Visual Studio Solution File, Format Version 12.00
# Visual Studio Version 16
VisualStudioVersion = 16.0.29424.173
MinimumVisualStudioVersion = 10.0.40219.1
Project("{FAE04EC0-301F-11D3-BF4B-00C04F79EFBC}") = "OAuth", "OAuth.csproj", "{CBA95838-5AC1-4041-BEE5-01801633AD71}"
EndProject
Project("{FAE04EC0-301F-11D3-BF4B-00C04F79EFBC}") = "Oauth.Data", "..\Oauth.Data\Oauth.Data.csproj", "{0555C109-41FD-489E-9C0E-D3FAD3A597E3}"
EndProject
Global
	GlobalSection(SolutionConfigurationPlatforms) = preSolution
		Debug|Any CPU = Debug|Any CPU
		Release|Any CPU = Release|Any CPU
	EndGlobalSection
	GlobalSection(ProjectConfigurationPlatforms) = postSolution
		{CBA95838-5AC1-4041-BEE5-01801633AD71}.Debug|Any CPU.ActiveCfg = Debug|Any CPU
		{CBA95838-5AC1-4041-BEE5-01801633AD71}.Debug|Any CPU.Build.0 = Debug|Any CPU
		{CBA95838-5AC1-4041-BEE5-01801633AD71}.Release|Any CPU.ActiveCfg = Release|Any CPU
		{CBA95838-5AC1-4041-BEE5-01801633AD71}.Release|Any CPU.Build.0 = Release|Any CPU
		{0555C109-41FD-489E-9C0E-D3FAD3A597E3}.Debug|Any CPU.ActiveCfg = Debug|Any CPU
		{0555C109-41FD-489E-9C0E-D3FAD3A597E3}.Debug|Any CPU.Build.0 = Debug|Any CPU
		{0555C109-41FD-489E-9C0E-D3FAD3A597E3}.Release|Any CPU.ActiveCfg = Release|Any CPU
		{0555C109-41FD-489E-9C0E-D3FAD3A597E3}.Release|Any CPU.Build.0 = Release|Any CPU
	EndGlobalSection
	GlobalSection(SolutionProperties) = preSolution
		HideSolutionNode = FALSE
	EndGlobalSection
	GlobalSection(ExtensibilityGlobals) = postSolution
		SolutionGuid = {5AD4C05A-8CF4-4DCC-82CD-2481A3BE7C2F}
	EndGlobalSection
EndGlobal
